Microsoft Visual Studio Solution File, Format Version 12.00
# Visual Studio Version 16
VisualStudioVersion = 16.0.28922.388
MinimumVisualStudioVersion = 10.0.40219.1
Project("{9A19103F-16F7-4668-BE54-9A1E7A4F7556}") = "BudgetApi.Web", "BudgetApi\BudgetApi.Web.csproj", "{F3443C95-CA15-4448-AEA0-EBD59F0D064B}"
EndProject
Project("{9A19103F-16F7-4668-BE54-9A1E7A4F7556}") = "BudgetApi.BusinessLayer", "BudgetApi.BusinessLayer\BudgetApi.BusinessLayer.csproj", "{BE86BA04-5631-4099-A2D9-F64DEF5DE85B}"
EndProject
Project("{9A19103F-16F7-4668-BE54-9A1E7A4F7556}") = "BudgetAPI.Repository", "BudgetAPI.Repository\BudgetAPI.Repository.csproj", "{9477FA1C-1F93-47EA-86DD-671ECA24FA92}"
EndProject
Project("{FAE04EC0-301F-11D3-BF4B-00C04F79EFBC}") = "BudgetApi.Mapper", "BudgetApi.Mapper\BudgetApi.Mapper.csproj", "{BE084AEC-0139-4DD3-858C-262BB9D8EB06}"
EndProject
Project("{FAE04EC0-301F-11D3-BF4B-00C04F79EFBC}") = "BudgetApi.DTO", "BudgetApi.DTO\BudgetApi.DTO.csproj", "{AB94F699-57FD-4D93-8E04-0427513CDB17}"
EndProject
Global
	GlobalSection(SolutionConfigurationPlatforms) = preSolution
		Debug|Any CPU = Debug|Any CPU
		Release|Any CPU = Release|Any CPU
	EndGlobalSection
	GlobalSection(ProjectConfigurationPlatforms) = postSolution
		{F3443C95-CA15-4448-AEA0-EBD59F0D064B}.Debug|Any CPU.ActiveCfg = Debug|Any CPU
		{F3443C95-CA15-4448-AEA0-EBD59F0D064B}.Debug|Any CPU.Build.0 = Debug|Any CPU
		{F3443C95-CA15-4448-AEA0-EBD59F0D064B}.Release|Any CPU.ActiveCfg = Release|Any CPU
		{F3443C95-CA15-4448-AEA0-EBD59F0D064B}.Release|Any CPU.Build.0 = Release|Any CPU
		{BE86BA04-5631-4099-A2D9-F64DEF5DE85B}.Debug|Any CPU.ActiveCfg = Debug|Any CPU
		{BE86BA04-5631-4099-A2D9-F64DEF5DE85B}.Debug|Any CPU.Build.0 = Debug|Any CPU
		{BE86BA04-5631-4099-A2D9-F64DEF5DE85B}.Release|Any CPU.ActiveCfg = Release|Any CPU
		{BE86BA04-5631-4099-A2D9-F64DEF5DE85B}.Release|Any CPU.Build.0 = Release|Any CPU
		{9477FA1C-1F93-47EA-86DD-671ECA24FA92}.Debug|Any CPU.ActiveCfg = Debug|Any CPU
		{9477FA1C-1F93-47EA-86DD-671ECA24FA92}.Debug|Any CPU.Build.0 = Debug|Any CPU
		{9477FA1C-1F93-47EA-86DD-671ECA24FA92}.Release|Any CPU.ActiveCfg = Release|Any CPU
		{9477FA1C-1F93-47EA-86DD-671ECA24FA92}.Release|Any CPU.Build.0 = Release|Any CPU
		{BE084AEC-0139-4DD3-858C-262BB9D8EB06}.Debug|Any CPU.ActiveCfg = Debug|Any CPU
		{BE084AEC-0139-4DD3-858C-262BB9D8EB06}.Debug|Any CPU.Build.0 = Debug|Any CPU
		{BE084AEC-0139-4DD3-858C-262BB9D8EB06}.Release|Any CPU.ActiveCfg = Release|Any CPU
		{BE084AEC-0139-4DD3-858C-262BB9D8EB06}.Release|Any CPU.Build.0 = Release|Any CPU
		{AB94F699-57FD-4D93-8E04-0427513CDB17}.Debug|Any CPU.ActiveCfg = Debug|Any CPU
		{AB94F699-57FD-4D93-8E04-0427513CDB17}.Debug|Any CPU.Build.0 = Debug|Any CPU
		{AB94F699-57FD-4D93-8E04-0427513CDB17}.Release|Any CPU.ActiveCfg = Release|Any CPU
		{AB94F699-57FD-4D93-8E04-0427513CDB17}.Release|Any CPU.Build.0 = Release|Any CPU
	EndGlobalSection
	GlobalSection(SolutionProperties) = preSolution
		HideSolutionNode = FALSE
	EndGlobalSection
	GlobalSection(ExtensibilityGlobals) = postSolution
		SolutionGuid = {278C6C6D-DD79-413A-A836-BC102AA91FC3}
	EndGlobalSection
EndGlobal
