
Microsoft Visual Studio Solution File, Format Version 12.00
# Visual Studio 15
Project("{FAE04EC0-301F-11D3-BF4B-00C04F79EFBC}") = "BudgetApi", "BudgetApi\BudgetApi.csproj", "{F3443C95-CA15-4448-AEA0-EBD59F0D064B}"
EndProject
Global
	GlobalSection(SolutionConfigurationPlatforms) = preSolution
		Debug|Any CPU = Debug|Any CPU
		Release|Any CPU = Release|Any CPU
	EndGlobalSection
	GlobalSection(ProjectConfigurationPlatforms) = postSolution
		{F3443C95-CA15-4448-AEA0-EBD59F0D064B}.Debug|Any CPU.ActiveCfg = Debug|Any CPU
		{F3443C95-CA15-4448-AEA0-EBD59F0D064B}.Debug|Any CPU.Build.0 = Debug|Any CPU
		{F3443C95-CA15-4448-AEA0-EBD59F0D064B}.Release|Any CPU.ActiveCfg = Release|Any CPU
		{F3443C95-CA15-4448-AEA0-EBD59F0D064B}.Release|Any CPU.Build.0 = Release|Any CPU
	EndGlobalSection
EndGlobal
